
Microsoft Visual Studio Solution File, Format Version 12.00
# Visual Studio Version 16
VisualStudioVersion = 16.0.29215.179
MinimumVisualStudioVersion = 10.0.40219.1
Project("{FAE04EC0-301F-11D3-BF4B-00C04F79EFBC}") = "XrnCourse.LocalFiles.UWP", "XrnCourse.LocalFiles\XrnCourse.LocalFiles.UWP\XrnCourse.LocalFiles.UWP.csproj", "{FCFD428F-F92C-45E0-8562-CF2448A7CA3F}"
EndProject
Project("{FAE04EC0-301F-11D3-BF4B-00C04F79EFBC}") = "XrnCourse.LocalFiles.Android", "XrnCourse.LocalFiles\XrnCourse.LocalFiles.Android\XrnCourse.LocalFiles.Android.csproj", "{D0707B1F-9985-491C-B579-FE4DFB126A21}"
EndProject
Project("{FAE04EC0-301F-11D3-BF4B-00C04F79EFBC}") = "XrnCourse.LocalFiles.iOS", "XrnCourse.LocalFiles\XrnCourse.LocalFiles.iOS\XrnCourse.LocalFiles.iOS.csproj", "{86797408-8B66-4ACE-82DA-4016A11C0013}"
EndProject
Project("{FAE04EC0-301F-11D3-BF4B-00C04F79EFBC}") = "XrnCourse.LocalFiles", "XrnCourse.LocalFiles\XrnCourse.LocalFiles\XrnCourse.LocalFiles.csproj", "{95315161-99A7-47F7-9A05-474EF122A8F7}"
EndProject
Global
	GlobalSection(SolutionConfigurationPlatforms) = preSolution
		Debug|Any CPU = Debug|Any CPU
		Debug|ARM = Debug|ARM
		Debug|iPhone = Debug|iPhone
		Debug|iPhoneSimulator = Debug|iPhoneSimulator
		Debug|x64 = Debug|x64
		Debug|x86 = Debug|x86
		Release|Any CPU = Release|Any CPU
		Release|ARM = Release|ARM
		Release|iPhone = Release|iPhone
		Release|iPhoneSimulator = Release|iPhoneSimulator
		Release|x64 = Release|x64
		Release|x86 = Release|x86
	EndGlobalSection
	GlobalSection(ProjectConfigurationPlatforms) = postSolution
		{FCFD428F-F92C-45E0-8562-CF2448A7CA3F}.Debug|Any CPU.ActiveCfg = Debug|x86
		{FCFD428F-F92C-45E0-8562-CF2448A7CA3F}.Debug|Any CPU.Build.0 = Debug|x86
		{FCFD428F-F92C-45E0-8562-CF2448A7CA3F}.Debug|Any CPU.Deploy.0 = Debug|x86
		{FCFD428F-F92C-45E0-8562-CF2448A7CA3F}.Debug|ARM.ActiveCfg = Debug|ARM
		{FCFD428F-F92C-45E0-8562-CF2448A7CA3F}.Debug|ARM.Build.0 = Debug|ARM
		{FCFD428F-F92C-45E0-8562-CF2448A7CA3F}.Debug|ARM.Deploy.0 = Debug|ARM
		{FCFD428F-F92C-45E0-8562-CF2448A7CA3F}.Debug|iPhone.ActiveCfg = Debug|x86
		{FCFD428F-F92C-45E0-8562-CF2448A7CA3F}.Debug|iPhone.Build.0 = Debug|x86
		{FCFD428F-F92C-45E0-8562-CF2448A7CA3F}.Debug|iPhone.Deploy.0 = Debug|x86
		{FCFD428F-F92C-45E0-8562-CF2448A7CA3F}.Debug|iPhoneSimulator.ActiveCfg = Debug|x86
		{FCFD428F-F92C-45E0-8562-CF2448A7CA3F}.Debug|iPhoneSimulator.Build.0 = Debug|x86
		{FCFD428F-F92C-45E0-8562-CF2448A7CA3F}.Debug|iPhoneSimulator.Deploy.0 = Debug|x86
		{FCFD428F-F92C-45E0-8562-CF2448A7CA3F}.Debug|x64.ActiveCfg = Debug|x64
		{FCFD428F-F92C-45E0-8562-CF2448A7CA3F}.Debug|x64.Build.0 = Debug|x64
		{FCFD428F-F92C-45E0-8562-CF2448A7CA3F}.Debug|x64.Deploy.0 = Debug|x64
		{FCFD428F-F92C-45E0-8562-CF2448A7CA3F}.Debug|x86.ActiveCfg = Debug|x86
		{FCFD428F-F92C-45E0-8562-CF2448A7CA3F}.Debug|x86.Build.0 = Debug|x86
		{FCFD428F-F92C-45E0-8562-CF2448A7CA3F}.Debug|x86.Deploy.0 = Debug|x86
		{FCFD428F-F92C-45E0-8562-CF2448A7CA3F}.Release|Any CPU.ActiveCfg = Release|x86
		{FCFD428F-F92C-45E0-8562-CF2448A7CA3F}.Release|Any CPU.Build.0 = Release|x86
		{FCFD428F-F92C-45E0-8562-CF2448A7CA3F}.Release|Any CPU.Deploy.0 = Release|x86
		{FCFD428F-F92C-45E0-8562-CF2448A7CA3F}.Release|ARM.ActiveCfg = Release|ARM
		{FCFD428F-F92C-45E0-8562-CF2448A7CA3F}.Release|ARM.Build.0 = Release|ARM
		{FCFD428F-F92C-45E0-8562-CF2448A7CA3F}.Release|ARM.Deploy.0 = Release|ARM
		{FCFD428F-F92C-45E0-8562-CF2448A7CA3F}.Release|iPhone.ActiveCfg = Release|x86
		{FCFD428F-F92C-45E0-8562-CF2448A7CA3F}.Release|iPhone.Build.0 = Release|x86
		{FCFD428F-F92C-45E0-8562-CF2448A7CA3F}.Release|iPhone.Deploy.0 = Release|x86
		{FCFD428F-F92C-45E0-8562-CF2448A7CA3F}.Release|iPhoneSimulator.ActiveCfg = Release|x86
		{FCFD428F-F92C-45E0-8562-CF2448A7CA3F}.Release|iPhoneSimulator.Build.0 = Release|x86
		{FCFD428F-F92C-45E0-8562-CF2448A7CA3F}.Release|iPhoneSimulator.Deploy.0 = Release|x86
		{FCFD428F-F92C-45E0-8562-CF2448A7CA3F}.Release|x64.ActiveCfg = Release|x64
		{FCFD428F-F92C-45E0-8562-CF2448A7CA3F}.Release|x64.Build.0 = Release|x64
		{FCFD428F-F92C-45E0-8562-CF2448A7CA3F}.Release|x64.Deploy.0 = Release|x64
		{FCFD428F-F92C-45E0-8562-CF2448A7CA3F}.Release|x86.ActiveCfg = Release|x86
		{FCFD428F-F92C-45E0-8562-CF2448A7CA3F}.Release|x86.Build.0 = Release|x86
		{FCFD428F-F92C-45E0-8562-CF2448A7CA3F}.Release|x86.Deploy.0 = Release|x86
		{D0707B1F-9985-491C-B579-FE4DFB126A21}.Debug|Any CPU.ActiveCfg = Debug|Any CPU
		{D0707B1F-9985-491C-B579-FE4DFB126A21}.Debug|Any CPU.Build.0 = Debug|Any CPU
		{D0707B1F-9985-491C-B579-FE4DFB126A21}.Debug|Any CPU.Deploy.0 = Debug|Any CPU
		{D0707B1F-9985-491C-B579-FE4DFB126A21}.Debug|ARM.ActiveCfg = Debug|Any CPU
		{D0707B1F-9985-491C-B579-FE4DFB126A21}.Debug|ARM.Build.0 = Debug|Any CPU
		{D0707B1F-9985-491C-B579-FE4DFB126A21}.Debug|ARM.Deploy.0 = Debug|Any CPU
		{D0707B1F-9985-491C-B579-FE4DFB126A21}.Debug|iPhone.ActiveCfg = Debug|Any CPU
		{D0707B1F-9985-491C-B579-FE4DFB126A21}.Debug|iPhone.Build.0 = Debug|Any CPU
		{D0707B1F-9985-491C-B579-FE4DFB126A21}.Debug|iPhone.Deploy.0 = Debug|Any CPU
		{D0707B1F-9985-491C-B579-FE4DFB126A21}.Debug|iPhoneSimulator.ActiveCfg = Debug|Any CPU
		{D0707B1F-9985-491C-B579-FE4DFB126A21}.Debug|iPhoneSimulator.Build.0 = Debug|Any CPU
		{D0707B1F-9985-491C-B579-FE4DFB126A21}.Debug|iPhoneSimulator.Deploy.0 = Debug|Any CPU
		{D0707B1F-9985-491C-B579-FE4DFB126A21}.Debug|x64.ActiveCfg = Debug|Any CPU
		{D0707B1F-9985-491C-B579-FE4DFB126A21}.Debug|x64.Build.0 = Debug|Any CPU
		{D0707B1F-9985-491C-B579-FE4DFB126A21}.Debug|x64.Deploy.0 = Debug|Any CPU
		{D0707B1F-9985-491C-B579-FE4DFB126A21}.Debug|x86.ActiveCfg = Debug|Any CPU
		{D0707B1F-9985-491C-B579-FE4DFB126A21}.Debug|x86.Build.0 = Debug|Any CPU
		{D0707B1F-9985-491C-B579-FE4DFB126A21}.Debug|x86.Deploy.0 = Debug|Any CPU
		{D0707B1F-9985-491C-B579-FE4DFB126A21}.Release|Any CPU.ActiveCfg = Release|Any CPU
		{D0707B1F-9985-491C-B579-FE4DFB126A21}.Release|Any CPU.Build.0 = Release|Any CPU
		{D0707B1F-9985-491C-B579-FE4DFB126A21}.Release|Any CPU.Deploy.0 = Release|Any CPU
		{D0707B1F-9985-491C-B579-FE4DFB126A21}.Release|ARM.ActiveCfg = Release|Any CPU
		{D0707B1F-9985-491C-B579-FE4DFB126A21}.Release|ARM.Build.0 = Release|Any CPU
		{D0707B1F-9985-491C-B579-FE4DFB126A21}.Release|ARM.Deploy.0 = Release|Any CPU
		{D0707B1F-9985-491C-B579-FE4DFB126A21}.Release|iPhone.ActiveCfg = Release|Any CPU
		{D0707B1F-9985-491C-B579-FE4DFB126A21}.Release|iPhone.Build.0 = Release|Any CPU
		{D0707B1F-9985-491C-B579-FE4DFB126A21}.Release|iPhone.Deploy.0 = Release|Any CPU
		{D0707B1F-9985-491C-B579-FE4DFB126A21}.Release|iPhoneSimulator.ActiveCfg = Release|Any CPU
		{D0707B1F-9985-491C-B579-FE4DFB126A21}.Release|iPhoneSimulator.Build.0 = Release|Any CPU
		{D0707B1F-9985-491C-B579-FE4DFB126A21}.Release|iPhoneSimulator.Deploy.0 = Release|Any CPU
		{D0707B1F-9985-491C-B579-FE4DFB126A21}.Release|x64.ActiveCfg = Release|Any CPU
		{D0707B1F-9985-491C-B579-FE4DFB126A21}.Release|x64.Build.0 = Release|Any CPU
		{D0707B1F-9985-491C-B579-FE4DFB126A21}.Release|x64.Deploy.0 = Release|Any CPU
		{D0707B1F-9985-491C-B579-FE4DFB126A21}.Release|x86.ActiveCfg = Release|Any CPU
		{D0707B1F-9985-491C-B579-FE4DFB126A21}.Release|x86.Build.0 = Release|Any CPU
		{D0707B1F-9985-491C-B579-FE4DFB126A21}.Release|x86.Deploy.0 = Release|Any CPU
		{86797408-8B66-4ACE-82DA-4016A11C0013}.Debug|Any CPU.ActiveCfg = Debug|iPhone
		{86797408-8B66-4ACE-82DA-4016A11C0013}.Debug|Any CPU.Build.0 = Debug|iPhone
		{86797408-8B66-4ACE-82DA-4016A11C0013}.Debug|Any CPU.Deploy.0 = Debug|iPhone
		{86797408-8B66-4ACE-82DA-4016A11C0013}.Debug|ARM.ActiveCfg = Debug|iPhoneSimulator
		{86797408-8B66-4ACE-82DA-4016A11C0013}.Debug|ARM.Build.0 = Debug|iPhoneSimulator
		{86797408-8B66-4ACE-82DA-4016A11C0013}.Debug|ARM.Deploy.0 = Debug|iPhoneSimulator
		{86797408-8B66-4ACE-82DA-4016A11C0013}.Debug|iPhone.ActiveCfg = Debug|iPhone
		{86797408-8B66-4ACE-82DA-4016A11C0013}.Debug|iPhone.Build.0 = Debug|iPhone
		{86797408-8B66-4ACE-82DA-4016A11C0013}.Debug|iPhone.Deploy.0 = Debug|iPhone
		{86797408-8B66-4ACE-82DA-4016A11C0013}.Debug|iPhoneSimulator.ActiveCfg = Debug|iPhoneSimulator
		{86797408-8B66-4ACE-82DA-4016A11C0013}.Debug|iPhoneSimulator.Build.0 = Debug|iPhoneSimulator
		{86797408-8B66-4ACE-82DA-4016A11C0013}.Debug|iPhoneSimulator.Deploy.0 = Debug|iPhoneSimulator
		{86797408-8B66-4ACE-82DA-4016A11C0013}.Debug|x64.ActiveCfg = Debug|iPhone
		{86797408-8B66-4ACE-82DA-4016A11C0013}.Debug|x64.Build.0 = Debug|iPhone
		{86797408-8B66-4ACE-82DA-4016A11C0013}.Debug|x64.Deploy.0 = Debug|iPhone
		{86797408-8B66-4ACE-82DA-4016A11C0013}.Debug|x86.ActiveCfg = Debug|iPhone
		{86797408-8B66-4ACE-82DA-4016A11C0013}.Debug|x86.Build.0 = Debug|iPhone
		{86797408-8B66-4ACE-82DA-4016A11C0013}.Debug|x86.Deploy.0 = Debug|iPhone
		{86797408-8B66-4ACE-82DA-4016A11C0013}.Release|Any CPU.ActiveCfg = Release|iPhone
		{86797408-8B66-4ACE-82DA-4016A11C0013}.Release|Any CPU.Build.0 = Release|iPhone
		{86797408-8B66-4ACE-82DA-4016A11C0013}.Release|Any CPU.Deploy.0 = Release|iPhone
		{86797408-8B66-4ACE-82DA-4016A11C0013}.Release|ARM.ActiveCfg = Release|iPhone
		{86797408-8B66-4ACE-82DA-4016A11C0013}.Release|ARM.Build.0 = Release|iPhone
		{86797408-8B66-4ACE-82DA-4016A11C0013}.Release|ARM.Deploy.0 = Release|iPhone
		{86797408-8B66-4ACE-82DA-4016A11C0013}.Release|iPhone.ActiveCfg = Release|iPhone
		{86797408-8B66-4ACE-82DA-4016A11C0013}.Release|iPhone.Build.0 = Release|iPhone
		{86797408-8B66-4ACE-82DA-4016A11C0013}.Release|iPhone.Deploy.0 = Release|iPhone
		{86797408-8B66-4ACE-82DA-4016A11C0013}.Release|iPhoneSimulator.ActiveCfg = Release|iPhoneSimulator
		{86797408-8B66-4ACE-82DA-4016A11C0013}.Release|iPhoneSimulator.Build.0 = Release|iPhoneSimulator
		{86797408-8B66-4ACE-82DA-4016A11C0013}.Release|iPhoneSimulator.Deploy.0 = Release|iPhoneSimulator
		{86797408-8B66-4ACE-82DA-4016A11C0013}.Release|x64.ActiveCfg = Release|iPhone
		{86797408-8B66-4ACE-82DA-4016A11C0013}.Release|x64.Build.0 = Release|iPhone
		{86797408-8B66-4ACE-82DA-4016A11C0013}.Release|x64.Deploy.0 = Release|iPhone
		{86797408-8B66-4ACE-82DA-4016A11C0013}.Release|x86.ActiveCfg = Release|iPhone
		{86797408-8B66-4ACE-82DA-4016A11C0013}.Release|x86.Build.0 = Release|iPhone
		{86797408-8B66-4ACE-82DA-4016A11C0013}.Release|x86.Deploy.0 = Release|iPhone
		{95315161-99A7-47F7-9A05-474EF122A8F7}.Debug|Any CPU.ActiveCfg = Debug|Any CPU
		{95315161-99A7-47F7-9A05-474EF122A8F7}.Debug|Any CPU.Build.0 = Debug|Any CPU
		{95315161-99A7-47F7-9A05-474EF122A8F7}.Debug|Any CPU.Deploy.0 = Debug|Any CPU
		{95315161-99A7-47F7-9A05-474EF122A8F7}.Debug|ARM.ActiveCfg = Debug|Any CPU
		{95315161-99A7-47F7-9A05-474EF122A8F7}.Debug|ARM.Build.0 = Debug|Any CPU
		{95315161-99A7-47F7-9A05-474EF122A8F7}.Debug|ARM.Deploy.0 = Debug|Any CPU
		{95315161-99A7-47F7-9A05-474EF122A8F7}.Debug|iPhone.ActiveCfg = Debug|Any CPU
		{95315161-99A7-47F7-9A05-474EF122A8F7}.Debug|iPhone.Build.0 = Debug|Any CPU
		{95315161-99A7-47F7-9A05-474EF122A8F7}.Debug|iPhone.Deploy.0 = Debug|Any CPU
		{95315161-99A7-47F7-9A05-474EF122A8F7}.Debug|iPhoneSimulator.ActiveCfg = Debug|Any CPU
		{95315161-99A7-47F7-9A05-474EF122A8F7}.Debug|iPhoneSimulator.Build.0 = Debug|Any CPU
		{95315161-99A7-47F7-9A05-474EF122A8F7}.Debug|iPhoneSimulator.Deploy.0 = Debug|Any CPU
		{95315161-99A7-47F7-9A05-474EF122A8F7}.Debug|x64.ActiveCfg = Debug|Any CPU
		{95315161-99A7-47F7-9A05-474EF122A8F7}.Debug|x64.Build.0 = Debug|Any CPU
		{95315161-99A7-47F7-9A05-474EF122A8F7}.Debug|x64.Deploy.0 = Debug|Any CPU
		{95315161-99A7-47F7-9A05-474EF122A8F7}.Debug|x86.ActiveCfg = Debug|Any CPU
		{95315161-99A7-47F7-9A05-474EF122A8F7}.Debug|x86.Build.0 = Debug|Any CPU
		{95315161-99A7-47F7-9A05-474EF122A8F7}.Debug|x86.Deploy.0 = Debug|Any CPU
		{95315161-99A7-47F7-9A05-474EF122A8F7}.Release|Any CPU.ActiveCfg = Release|Any CPU
		{95315161-99A7-47F7-9A05-474EF122A8F7}.Release|Any CPU.Build.0 = Release|Any CPU
		{95315161-99A7-47F7-9A05-474EF122A8F7}.Release|Any CPU.Deploy.0 = Release|Any CPU
		{95315161-99A7-47F7-9A05-474EF122A8F7}.Release|ARM.ActiveCfg = Release|Any CPU
		{95315161-99A7-47F7-9A05-474EF122A8F7}.Release|ARM.Build.0 = Release|Any CPU
		{95315161-99A7-47F7-9A05-474EF122A8F7}.Release|ARM.Deploy.0 = Release|Any CPU
		{95315161-99A7-47F7-9A05-474EF122A8F7}.Release|iPhone.ActiveCfg = Release|Any CPU
		{95315161-99A7-47F7-9A05-474EF122A8F7}.Release|iPhone.Build.0 = Release|Any CPU
		{95315161-99A7-47F7-9A05-474EF122A8F7}.Release|iPhone.Deploy.0 = Release|Any CPU
		{95315161-99A7-47F7-9A05-474EF122A8F7}.Release|iPhoneSimulator.ActiveCfg = Release|Any CPU
		{95315161-99A7-47F7-9A05-474EF122A8F7}.Release|iPhoneSimulator.Build.0 = Release|Any CPU
		{95315161-99A7-47F7-9A05-474EF122A8F7}.Release|iPhoneSimulator.Deploy.0 = Release|Any CPU
		{95315161-99A7-47F7-9A05-474EF122A8F7}.Release|x64.ActiveCfg = Release|Any CPU
		{95315161-99A7-47F7-9A05-474EF122A8F7}.Release|x64.Build.0 = Release|Any CPU
		{95315161-99A7-47F7-9A05-474EF122A8F7}.Release|x64.Deploy.0 = Release|Any CPU
		{95315161-99A7-47F7-9A05-474EF122A8F7}.Release|x86.ActiveCfg = Release|Any CPU
		{95315161-99A7-47F7-9A05-474EF122A8F7}.Release|x86.Build.0 = Release|Any CPU
		{95315161-99A7-47F7-9A05-474EF122A8F7}.Release|x86.Deploy.0 = Release|Any CPU
	EndGlobalSection
	GlobalSection(SolutionProperties) = preSolution
		HideSolutionNode = FALSE
	EndGlobalSection
	GlobalSection(ExtensibilityGlobals) = postSolution
		SolutionGuid = {47F2D075-7419-4CDA-BB75-444A411ED681}
	EndGlobalSection
EndGlobal
